
Microsoft Visual Studio Solution File, Format Version 12.00
# Visual Studio Version 16
VisualStudioVersion = 16.0.29418.71
MinimumVisualStudioVersion = 10.0.40219.1
Project("{FAE04EC0-301F-11D3-BF4B-00C04F79EFBC}") = "HanbitMart_WinFormUsingDB", "HanbitMart_WinFormUsingDB\HanbitMart_WinFormUsingDB.csproj", "{9F319B60-9A61-4488-96D4-415ECC131162}"
EndProject
Global
	GlobalSection(SolutionConfigurationPlatforms) = preSolution
		Debug|Any CPU = Debug|Any CPU
		Release|Any CPU = Release|Any CPU
	EndGlobalSection
	GlobalSection(ProjectConfigurationPlatforms) = postSolution
		{9F319B60-9A61-4488-96D4-415ECC131162}.Debug|Any CPU.ActiveCfg = Debug|Any CPU
		{9F319B60-9A61-4488-96D4-415ECC131162}.Debug|Any CPU.Build.0 = Debug|Any CPU
		{9F319B60-9A61-4488-96D4-415ECC131162}.Release|Any CPU.ActiveCfg = Release|Any CPU
		{9F319B60-9A61-4488-96D4-415ECC131162}.Release|Any CPU.Build.0 = Release|Any CPU
	EndGlobalSection
	GlobalSection(SolutionProperties) = preSolution
		HideSolutionNode = FALSE
	EndGlobalSection
	GlobalSection(ExtensibilityGlobals) = postSolution
		SolutionGuid = {C6899881-D723-43FF-A9D3-D7001E3AD488}
	EndGlobalSection
EndGlobal
